PODS:
  - AFNetworking (3.2.1):
    - AFNetworking/NSURLSession (= 3.2.1)
    - AFNetworking/Reachability (= 3.2.1)
    - AFNetworking/Security (= 3.2.1)
    - AFNetworking/Serialization (= 3.2.1)
    - AFNetworking/UIKit (= 3.2.1)
  - AFNetworking/NSURLSession (3.2.1):
    - AFNetworking/Reachability
    - AFNetworking/Security
    - AFNetworking/Serialization
  - AFNetworking/Reachability (3.2.1)
  - AFNetworking/Security (3.2.1)
  - AFNetworking/Serialization (3.2.1)
  - AFNetworking/UIKit (3.2.1):
    - AFNetworking/NSURLSession
  - CocoaLumberjack (3.5.3):
    - CocoaLumberjack/Core (= 3.5.3)
  - CocoaLumberjack/Core (3.5.3)
  - MBProgressHUD (1.1.0)
  - MLSCache (1.0.0)
  - MLSLogger (1.0.0):
    - CocoaLumberjack (>= 3.5.2)
  - MLSModel (1.0.0):
    - MLSModel/Core (= 1.0.0)
  - MLSModel/Core (1.0.0):
    - MLSModel/MLSYYModelModify
  - MLSModel/MLSYYModelModify (1.0.0)
  - MLSNetwork (1.0.0):
    - MLSNetwork/Core (= 1.0.0)
  - MLSNetwork/Core (1.0.0):
    - AFNetworking (~> 3.2.1)

DEPENDENCIES:
  - MBProgressHUD
  - MLSCache
  - MLSLogger
  - MLSModel
  - MLSNetwork (from `../`)

SPEC REPOS:
  https://github.com/cocoapods/specs.git:
    - AFNetworking
    - CocoaLumberjack
    - MBProgressHUD
  https://github.com/Minlison/Specs.git:
    - MLSCache
    - MLSLogger
    - MLSModel

EXTERNAL SOURCES:
  MLSNetwork:
    :path: "../"

SPEC CHECKSUMS:
  AFNetworking: b6f891fdfaed196b46c7a83cf209e09697b94057
  CocoaLumberjack: 2f44e60eb91c176d471fdba43b9e3eae6a721947
  MBProgressHUD: e7baa36a220447d8aeb12769bf0585582f3866d9
  MLSCache: d8b63d26e25722d80660ab5e4ff673beac758c5c
  MLSLogger: 4307cd5072929821836f06a851422d17ec697d84
  MLSModel: 4c1eb0be57c9a1c7f234983274aeda33de68ac7f
  MLSNetwork: 1036a24286da1ee9b7eec8b717a478ba2522c1d3

PODFILE CHECKSUM: 83ff5d5d284d33083eb9fb96e0553f54e64b1736

COCOAPODS: 1.7.5
